
Microsoft Visual Studio Solution File, Format Version 12.00
# Visual Studio Version 17
VisualStudioVersion = 17.14.36202.13 d17.14
MinimumVisualStudioVersion = 10.0.40219.1
Project("{FAE04EC0-301F-11D3-BF4B-00C04F79EFBC}") = "Backend", "Backend\Backend.csproj", "{702C616C-DCD9-42DF-A6F7-535654EB3EDC}"
EndProject
Global
	GlobalSection(SolutionConfigurationPlatforms) = preSolution
		Debug|Any CPU = Debug|Any CPU
		Release|Any CPU = Release|Any CPU
	EndGlobalSection
	GlobalSection(ProjectConfigurationPlatforms) = postSolution
		{702C616C-DCD9-42DF-A6F7-535654EB3EDC}.Debug|Any CPU.ActiveCfg = Debug|Any CPU
		{702C616C-DCD9-42DF-A6F7-535654EB3EDC}.Debug|Any CPU.Build.0 = Debug|Any CPU
		{702C616C-DCD9-42DF-A6F7-535654EB3EDC}.Release|Any CPU.ActiveCfg = Release|Any CPU
		{702C616C-DCD9-42DF-A6F7-535654EB3EDC}.Release|Any CPU.Build.0 = Release|Any CPU
	EndGlobalSection
	GlobalSection(SolutionProperties) = preSolution
		HideSolutionNode = FALSE
	EndGlobalSection
	GlobalSection(ExtensibilityGlobals) = postSolution
		SolutionGuid = {5FF13536-D9D7-4F3D-9709-8C77D8C9DB5F}
	EndGlobalSection
EndGlobal
